
Microsoft Visual Studio Solution File, Format Version 12.00
# Visual Studio Version 17
VisualStudioVersion = 17.12.35728.132
MinimumVisualStudioVersion = 10.0.40219.1
Project("{FAE04EC0-301F-11D3-BF4B-00C04F79EFBC}") = "VivesBlog.Mvc", "VivesBlog.Mvc\VivesBlog.Mvc.csproj", "{15296F0D-2B73-4A61-9FC6-9F827BE4E14C}"
EndProject
Project("{FAE04EC0-301F-11D3-BF4B-00C04F79EFBC}") = "VivesBlog.Model", "VivesBlog.Model\VivesBlog.Model.csproj", "{E39CE06B-1BAD-470B-AABB-70512BDF72B9}"
EndProject
Project("{FAE04EC0-301F-11D3-BF4B-00C04F79EFBC}") = "VivesBlog.Repository", "VivesBlog.Repository\VivesBlog.Repository.csproj", "{970EFD86-EEEC-4FE6-A864-CDA8465F5EC8}"
EndProject
Project("{FAE04EC0-301F-11D3-BF4B-00C04F79EFBC}") = "VivesBlog.Services", "VivesBlog.Services\VivesBlog.Services.csproj", "{8AF31034-ABEA-451F-8B8C-5D883BAA99F3}"
EndProject
Project("{2150E333-8FDC-42A3-9474-1A3956D46DE8}") = "Api", "Api", "{02EA681E-C7D8-13C7-8484-4AC65E1B71E8}"
EndProject
Project("{2150E333-8FDC-42A3-9474-1A3956D46DE8}") = "Core", "Core", "{160B2099-2153-4758-AB9C-D81F1E514CF9}"
EndProject
Project("{2150E333-8FDC-42A3-9474-1A3956D46DE8}") = "Services", "Services", "{E6F30E6A-E636-4F98-ABAB-A1E5AE1201D2}"
EndProject
Project("{2150E333-8FDC-42A3-9474-1A3956D46DE8}") = "Presentation", "Presentation", "{D8C3E48A-1CCA-40D0-8628-B431C4DBB42E}"
EndProject
Project("{FAE04EC0-301F-11D3-BF4B-00C04F79EFBC}") = "VivesBlog.Api", "VivesBlog.Api\VivesBlog.Api.csproj", "{01139F33-93A4-4588-BEB1-3D9A96C6AE74}"
EndProject
Project("{FAE04EC0-301F-11D3-BF4B-00C04F79EFBC}") = "VivesBlog.Dto", "VivesBlog.Dto\VivesBlog.Dto.csproj", "{5FC93190-6992-48F9-B5A4-514352347BC2}"
EndProject
Project("{2150E333-8FDC-42A3-9474-1A3956D46DE8}") = "Dto", "Dto", "{20374561-EEAB-433B-89B0-F0F0D133AED1}"
EndProject
Project("{FAE04EC0-301F-11D3-BF4B-00C04F79EFBC}") = "VivesBlog.Sdk", "VivesBlog.Sdk\VivesBlog.Sdk.csproj", "{B9477E1A-CF09-4CB5-9F0E-3FA4E23531F1}"
EndProject
Project("{2150E333-8FDC-42A3-9474-1A3956D46DE8}") = "Vives", "Vives", "{59A5C663-0128-4CEC-931D-F15A470D25F9}"
EndProject
Project("{FAE04EC0-301F-11D3-BF4B-00C04F79EFBC}") = "Vives.Services.Model", "Vives.Services.Model\Vives.Services.Model.csproj", "{AD9A6366-10B0-40EE-B3EB-26775F60E624}"
EndProject
Global
	GlobalSection(SolutionConfigurationPlatforms) = preSolution
		Debug|Any CPU = Debug|Any CPU
		Release|Any CPU = Release|Any CPU
	EndGlobalSection
	GlobalSection(ProjectConfigurationPlatforms) = postSolution
		{15296F0D-2B73-4A61-9FC6-9F827BE4E14C}.Debug|Any CPU.ActiveCfg = Debug|Any CPU
		{15296F0D-2B73-4A61-9FC6-9F827BE4E14C}.Debug|Any CPU.Build.0 = Debug|Any CPU
		{15296F0D-2B73-4A61-9FC6-9F827BE4E14C}.Release|Any CPU.ActiveCfg = Release|Any CPU
		{15296F0D-2B73-4A61-9FC6-9F827BE4E14C}.Release|Any CPU.Build.0 = Release|Any CPU
		{E39CE06B-1BAD-470B-AABB-70512BDF72B9}.Debug|Any CPU.ActiveCfg = Debug|Any CPU
		{E39CE06B-1BAD-470B-AABB-70512BDF72B9}.Debug|Any CPU.Build.0 = Debug|Any CPU
		{E39CE06B-1BAD-470B-AABB-70512BDF72B9}.Release|Any CPU.ActiveCfg = Release|Any CPU
		{E39CE06B-1BAD-470B-AABB-70512BDF72B9}.Release|Any CPU.Build.0 = Release|Any CPU
		{970EFD86-EEEC-4FE6-A864-CDA8465F5EC8}.Debug|Any CPU.ActiveCfg = Debug|Any CPU
		{970EFD86-EEEC-4FE6-A864-CDA8465F5EC8}.Debug|Any CPU.Build.0 = Debug|Any CPU
		{970EFD86-EEEC-4FE6-A864-CDA8465F5EC8}.Release|Any CPU.ActiveCfg = Release|Any CPU
		{970EFD86-EEEC-4FE6-A864-CDA8465F5EC8}.Release|Any CPU.Build.0 = Release|Any CPU
		{8AF31034-ABEA-451F-8B8C-5D883BAA99F3}.Debug|Any CPU.ActiveCfg = Debug|Any CPU
		{8AF31034-ABEA-451F-8B8C-5D883BAA99F3}.Debug|Any CPU.Build.0 = Debug|Any CPU
		{8AF31034-ABEA-451F-8B8C-5D883BAA99F3}.Release|Any CPU.ActiveCfg = Release|Any CPU
		{8AF31034-ABEA-451F-8B8C-5D883BAA99F3}.Release|Any CPU.Build.0 = Release|Any CPU
		{01139F33-93A4-4588-BEB1-3D9A96C6AE74}.Debug|Any CPU.ActiveCfg = Debug|Any CPU
		{01139F33-93A4-4588-BEB1-3D9A96C6AE74}.Debug|Any CPU.Build.0 = Debug|Any CPU
		{01139F33-93A4-4588-BEB1-3D9A96C6AE74}.Release|Any CPU.ActiveCfg = Release|Any CPU
		{01139F33-93A4-4588-BEB1-3D9A96C6AE74}.Release|Any CPU.Build.0 = Release|Any CPU
		{5FC93190-6992-48F9-B5A4-514352347BC2}.Debug|Any CPU.ActiveCfg = Debug|Any CPU
		{5FC93190-6992-48F9-B5A4-514352347BC2}.Debug|Any CPU.Build.0 = Debug|Any CPU
		{5FC93190-6992-48F9-B5A4-514352347BC2}.Release|Any CPU.ActiveCfg = Release|Any CPU
		{5FC93190-6992-48F9-B5A4-514352347BC2}.Release|Any CPU.Build.0 = Release|Any CPU
		{B9477E1A-CF09-4CB5-9F0E-3FA4E23531F1}.Debug|Any CPU.ActiveCfg = Debug|Any CPU
		{B9477E1A-CF09-4CB5-9F0E-3FA4E23531F1}.Debug|Any CPU.Build.0 = Debug|Any CPU
		{B9477E1A-CF09-4CB5-9F0E-3FA4E23531F1}.Release|Any CPU.ActiveCfg = Release|Any CPU
		{B9477E1A-CF09-4CB5-9F0E-3FA4E23531F1}.Release|Any CPU.Build.0 = Release|Any CPU
		{AD9A6366-10B0-40EE-B3EB-26775F60E624}.Debug|Any CPU.ActiveCfg = Debug|Any CPU
		{AD9A6366-10B0-40EE-B3EB-26775F60E624}.Debug|Any CPU.Build.0 = Debug|Any CPU
		{AD9A6366-10B0-40EE-B3EB-26775F60E624}.Release|Any CPU.ActiveCfg = Release|Any CPU
		{AD9A6366-10B0-40EE-B3EB-26775F60E624}.Release|Any CPU.Build.0 = Release|Any CPU
	EndGlobalSection
	GlobalSection(SolutionProperties) = preSolution
		HideSolutionNode = FALSE
	EndGlobalSection
	GlobalSection(NestedProjects) = preSolution
		{15296F0D-2B73-4A61-9FC6-9F827BE4E14C} = {D8C3E48A-1CCA-40D0-8628-B431C4DBB42E}
		{E39CE06B-1BAD-470B-AABB-70512BDF72B9} = {160B2099-2153-4758-AB9C-D81F1E514CF9}
		{970EFD86-EEEC-4FE6-A864-CDA8465F5EC8} = {160B2099-2153-4758-AB9C-D81F1E514CF9}
		{8AF31034-ABEA-451F-8B8C-5D883BAA99F3} = {E6F30E6A-E636-4F98-ABAB-A1E5AE1201D2}
		{01139F33-93A4-4588-BEB1-3D9A96C6AE74} = {02EA681E-C7D8-13C7-8484-4AC65E1B71E8}
		{5FC93190-6992-48F9-B5A4-514352347BC2} = {20374561-EEAB-433B-89B0-F0F0D133AED1}
		{B9477E1A-CF09-4CB5-9F0E-3FA4E23531F1} = {02EA681E-C7D8-13C7-8484-4AC65E1B71E8}
		{AD9A6366-10B0-40EE-B3EB-26775F60E624} = {59A5C663-0128-4CEC-931D-F15A470D25F9}
	EndGlobalSection
	GlobalSection(ExtensibilityGlobals) = postSolution
		SolutionGuid = {DCDCB1FB-90F9-4B50-B49A-D499C7F3A44E}
	EndGlobalSection
EndGlobal
